
Microsoft Visual Studio Solution File, Format Version 12.00
# Visual Studio Version 17
VisualStudioVersion = 17.8.34322.80
MinimumVisualStudioVersion = 10.0.40219.1
Project("{FAE04EC0-301F-11D3-BF4B-00C04F79EFBC}") = "BlazorAppBlazorWebAssemblyPWA_MicrosoftTemplate", "BlazorAppBlazorWebAssemblyPWA_MicrosoftTemplate\BlazorAppBlazorWebAssemblyPWA_MicrosoftTemplate.csproj", "{189114EA-F3B9-4754-87F2-B1BE43E7D3B9}"
EndProject
Global
	GlobalSection(SolutionConfigurationPlatforms) = preSolution
		Debug|Any CPU = Debug|Any CPU
		Release|Any CPU = Release|Any CPU
	EndGlobalSection
	GlobalSection(ProjectConfigurationPlatforms) = postSolution
		{189114EA-F3B9-4754-87F2-B1BE43E7D3B9}.Debug|Any CPU.ActiveCfg = Debug|Any CPU
		{189114EA-F3B9-4754-87F2-B1BE43E7D3B9}.Debug|Any CPU.Build.0 = Debug|Any CPU
		{189114EA-F3B9-4754-87F2-B1BE43E7D3B9}.Release|Any CPU.ActiveCfg = Release|Any CPU
		{189114EA-F3B9-4754-87F2-B1BE43E7D3B9}.Release|Any CPU.Build.0 = Release|Any CPU
	EndGlobalSection
	GlobalSection(SolutionProperties) = preSolution
		HideSolutionNode = FALSE
	EndGlobalSection
	GlobalSection(ExtensibilityGlobals) = postSolution
		SolutionGuid = {893186BF-637D-440F-B5A1-9977E4F3DED5}
	EndGlobalSection
EndGlobal
